
Microsoft Visual Studio Solution File, Format Version 12.00
# Visual Studio Version 17
VisualStudioVersion = 17.1.32414.318
MinimumVisualStudioVersion = 10.0.40219.1
Project("{FAE04EC0-301F-11D3-BF4B-00C04F79EFBC}") = "SpiralMatrixProject", "SpiralMatrixProject\SpiralMatrixProject.csproj", "{C6EF43B8-79BA-4C62-A47B-9608743EE763}"
EndProject
Project("{FAE04EC0-301F-11D3-BF4B-00C04F79EFBC}") = "SppiralMatrixTest", "SppiralMatrixTest\SppiralMatrixTest.csproj", "{D615C989-B941-41BE-AE8E-58513A498FEB}"
EndProject
Global
	GlobalSection(SolutionConfigurationPlatforms) = preSolution
		Debug|Any CPU = Debug|Any CPU
		Release|Any CPU = Release|Any CPU
	EndGlobalSection
	GlobalSection(ProjectConfigurationPlatforms) = postSolution
		{C6EF43B8-79BA-4C62-A47B-9608743EE763}.Debug|Any CPU.ActiveCfg = Debug|Any CPU
		{C6EF43B8-79BA-4C62-A47B-9608743EE763}.Debug|Any CPU.Build.0 = Debug|Any CPU
		{C6EF43B8-79BA-4C62-A47B-9608743EE763}.Release|Any CPU.ActiveCfg = Release|Any CPU
		{C6EF43B8-79BA-4C62-A47B-9608743EE763}.Release|Any CPU.Build.0 = Release|Any CPU
		{D615C989-B941-41BE-AE8E-58513A498FEB}.Debug|Any CPU.ActiveCfg = Debug|Any CPU
		{D615C989-B941-41BE-AE8E-58513A498FEB}.Debug|Any CPU.Build.0 = Debug|Any CPU
		{D615C989-B941-41BE-AE8E-58513A498FEB}.Release|Any CPU.ActiveCfg = Release|Any CPU
		{D615C989-B941-41BE-AE8E-58513A498FEB}.Release|Any CPU.Build.0 = Release|Any CPU
	EndGlobalSection
	GlobalSection(SolutionProperties) = preSolution
		HideSolutionNode = FALSE
	EndGlobalSection
	GlobalSection(ExtensibilityGlobals) = postSolution
		SolutionGuid = {FC9320A9-7DF9-4C34-B475-76129A94D61B}
	EndGlobalSection
EndGlobal
